
Microsoft Visual Studio Solution File, Format Version 12.00
# Visual Studio Version 17
VisualStudioVersion = 17.8.34004.107
MinimumVisualStudioVersion = 10.0.40219.1
Project("{FAE04EC0-301F-11D3-BF4B-00C04F79EFBC}") = "Unsighted Timeless", "Unsighted Timeless.csproj", "{13436A87-C8C1-4F8F-9AC7-350DEF0CE4A6}"
EndProject
Global
	GlobalSection(SolutionConfigurationPlatforms) = preSolution
		Debug|Any CPU = Debug|Any CPU
		Release|Any CPU = Release|Any CPU
	EndGlobalSection
	GlobalSection(ProjectConfigurationPlatforms) = postSolution
		{13436A87-C8C1-4F8F-9AC7-350DEF0CE4A6}.Debug|Any CPU.ActiveCfg = Debug|Any CPU
		{13436A87-C8C1-4F8F-9AC7-350DEF0CE4A6}.Debug|Any CPU.Build.0 = Debug|Any CPU
		{13436A87-C8C1-4F8F-9AC7-350DEF0CE4A6}.Release|Any CPU.ActiveCfg = Release|Any CPU
		{13436A87-C8C1-4F8F-9AC7-350DEF0CE4A6}.Release|Any CPU.Build.0 = Release|Any CPU
	EndGlobalSection
	GlobalSection(SolutionProperties) = preSolution
		HideSolutionNode = FALSE
	EndGlobalSection
	GlobalSection(ExtensibilityGlobals) = postSolution
		SolutionGuid = {1AE54C7F-6289-4726-9846-9774026D97C5}
	EndGlobalSection
EndGlobal
